
Microsoft Visual Studio Solution File, Format Version 12.00
# Visual Studio Version 17
VisualStudioVersion = 17.1.32328.378
MinimumVisualStudioVersion = 10.0.40219.1
Project("{FAE04EC0-301F-11D3-BF4B-00C04F79EFBC}") = "AspnetAngularAuthVS1713", "AspnetAngularAuthVS1713\AspnetAngularAuthVS1713.csproj", "{8A613C2C-1AEE-4BC4-9F76-D5F53FA0D38A}"
EndProject
Global
	GlobalSection(SolutionConfigurationPlatforms) = preSolution
		Debug|Any CPU = Debug|Any CPU
		Release|Any CPU = Release|Any CPU
	EndGlobalSection
	GlobalSection(ProjectConfigurationPlatforms) = postSolution
		{8A613C2C-1AEE-4BC4-9F76-D5F53FA0D38A}.Debug|Any CPU.ActiveCfg = Debug|Any CPU
		{8A613C2C-1AEE-4BC4-9F76-D5F53FA0D38A}.Debug|Any CPU.Build.0 = Debug|Any CPU
		{8A613C2C-1AEE-4BC4-9F76-D5F53FA0D38A}.Release|Any CPU.ActiveCfg = Release|Any CPU
		{8A613C2C-1AEE-4BC4-9F76-D5F53FA0D38A}.Release|Any CPU.Build.0 = Release|Any CPU
	EndGlobalSection
	GlobalSection(SolutionProperties) = preSolution
		HideSolutionNode = FALSE
	EndGlobalSection
	GlobalSection(ExtensibilityGlobals) = postSolution
		SolutionGuid = {2DB3348F-06E7-42F7-ABB4-CD676A62BCFF}
	EndGlobalSection
EndGlobal
